// !$*UTF8*$!
{
	archiveVersion = 1;
	classes = {
	};
	objectVersion = 46;
	objects = {

/* Begin PBXBuildFile section */
		E4086E6F1AA8A0D70049A1F5 /* ModalTextView.m in Sources */ = {isa = PBXBuildFile; fileRef = E4086E6E1AA8A0D70049A1F5 /* ModalTextView.m */; };
		E424DFE21AB0A287000636F2 /* ContentChoiceView.m in Sources */ = {isa = PBXBuildFile; fileRef = E424DFE11AB0A287000636F2 /* ContentChoiceView.m */; };
		E43B0DFB1AA9E3B10050EC8B /* RotationController.m in Sources */ = {isa = PBXBuildFile; fileRef = E43B0DFA1AA9E3B10050EC8B /* RotationController.m */; };
		E43B0E041AA9E6900050EC8B /* RotationSplitViewController.m in Sources */ = {isa = PBXBuildFile; fileRef = E43B0E031AA9E6900050EC8B /* RotationSplitViewController.m */; };
		E4442D461AC9AD1E0072DC2D /* ScaleButton.m in Sources */ = {isa = PBXBuildFile; fileRef = E4442D451AC9AD1E0072DC2D /* ScaleButton.m */; };
		E4589C5A1AB72E33002064B6 /* Localizable.strings in Resources */ = {isa = PBXBuildFile; fileRef = E4589C5C1AB72E33002064B6 /* Localizable.strings */; };
		E4589C641AB7374F002064B6 /* Info.plist in Resources */ = {isa = PBXBuildFile; fileRef = E4589C621AB72EFF002064B6 /* Info.plist */; };
		E4589C6C1AB73BC8002064B6 /* Settings.bundle in Resources */ = {isa = PBXBuildFile; fileRef = E4589C6B1AB73BC8002064B6 /* Settings.bundle */; };
		E45E9A791AB9B0D400F43F9D /* InterfaceController.m in Sources */ = {isa = PBXBuildFile; fileRef = E45E9A781AB9B0D400F43F9D /* InterfaceController.m */; };
		E45E9A7C1AB9B0D400F43F9D /* GlanceController.m in Sources */ = {isa = PBXBuildFile; fileRef = E45E9A7B1AB9B0D400F43F9D /* GlanceController.m */; };
		E45E9A7E1AB9B0D400F43F9D /* Images.xcassets in Resources */ = {isa = PBXBuildFile; fileRef = E45E9A7D1AB9B0D400F43F9D /* Images.xcassets */; };
		E45E9A821AB9B0D400F43F9D /*  WatchKit App.app in Resources */ = {isa = PBXBuildFile; fileRef = E45E9A811AB9B0D400F43F9D /*  WatchKit App.app */; };
		E45E9A8A1AB9B0D400F43F9D /* Interface.storyboard in Resources */ = {isa = PBXBuildFile; fileRef = E45E9A881AB9B0D400F43F9D /* Interface.storyboard */; };
		E45E9A8C1AB9B0D400F43F9D /* Images.xcassets in Resources */ = {isa = PBXBuildFile; fileRef = E45E9A8B1AB9B0D400F43F9D /* Images.xcassets */; };
		E45E9A8F1AB9B0D400F43F9D /*  WatchKit Extension.appex in Embed App Extensions */ = {isa = PBXBuildFile; fileRef = E45E9A731AB9B0D400F43F9D /*  WatchKit Extension.appex */; settings = {ATTRIBUTES = (RemoveHeadersOnCopy, ); }; };
		E45E9A991AB9BC1700F43F9D /* SaveLocation.m in Sources */ = {isa = PBXBuildFile; fileRef = E45E9A981AB9BC1700F43F9D /* SaveLocation.m */; };
		E45E9A9C1AB9BC8900F43F9D /* ShowLocations.m in Sources */ = {isa = PBXBuildFile; fileRef = E45E9A9B1AB9BC8900F43F9D /* ShowLocations.m */; };
		E460311D1AAF22ED00DA7203 /* ModalImageView.m in Sources */ = {isa = PBXBuildFile; fileRef = E460311C1AAF22ED00DA7203 /* ModalImageView.m */; };
		E46344841AC98C22007E6C47 /* InsertContainerController.m in Sources */ = {isa = PBXBuildFile; fileRef = E46344831AC98C22007E6C47 /* InsertContainerController.m */; };
		E46D8E221AC7202B00663FBF /* SearchViewController.m in Sources */ = {isa = PBXBuildFile; fileRef = E46D8E211AC7202B00663FBF /* SearchViewController.m */; };
		E46D8E251AC84A2700663FBF /* MasterCell.m in Sources */ = {isa = PBXBuildFile; fileRef = E46D8E241AC84A2700663FBF /* MasterCell.m */; };
		E491F7921AB84F2E0096092B /* InfoPlist.strings in Resources */ = {isa = PBXBuildFile; fileRef = E491F7941AB84F2E0096092B /* InfoPlist.strings */; };
		E491F7971AB85C270096092B /* AddressBookUI.framework in Frameworks */ = {isa = PBXBuildFile; fileRef = E491F7961AB85C270096092B /* AddressBookUI.framework */; };
		E495F5461ABC5457000FC17E /* MoveViewController.m in Sources */ = {isa = PBXBuildFile; fileRef = E495F5451ABC5457000FC17E /* MoveViewController.m */; };
		E495F5491ABC62B8000FC17E /* Localizable.strings in Resources */ = {isa = PBXBuildFile; fileRef = E4589C5C1AB72E33002064B6 /* Localizable.strings */; };
		E495F5501ABC6A2B000FC17E /* BVReorderTableView.m in Sources */ = {isa = PBXBuildFile; fileRef = E495F54F1ABC6A2B000FC17E /* BVReorderTableView.m */; };
		E4BD6F251AA62A9E00B2356E /* main.m in Sources */ = {isa = PBXBuildFile; fileRef = E4BD6F241AA62A9E00B2356E /* main.m */; };
		E4BD6F281AA62A9E00B2356E /* AppDelegate.m in Sources */ = {isa = PBXBuildFile; fileRef = E4BD6F271AA62A9E00B2356E /* AppDelegate.m */; };
		E4BD6F2B1AA62A9E00B2356E /* Notizen.xcdatamodeld in Sources */ = {isa = PBXBuildFile; fileRef = E4BD6F291AA62A9E00B2356E /* Notizen.xcdatamodeld */; };
		E4BD6F2E1AA62A9E00B2356E /* MasterViewController.m in Sources */ = {isa = PBXBuildFile; fileRef = E4BD6F2D1AA62A9E00B2356E /* MasterViewController.m */; };
		E4BD6F341AA62A9E00B2356E /* Main.storyboard in Resources */ = {isa = PBXBuildFile; fileRef = E4BD6F321AA62A9E00B2356E /* Main.storyboard */; };
		E4BD6F361AA62A9E00B2356E /* Images.xcassets in Resources */ = {isa = PBXBuildFile; fileRef = E4BD6F351AA62A9E00B2356E /* Images.xcassets */; };
		E4BD6F391AA62A9E00B2356E /* LaunchScreen.xib in Resources */ = {isa = PBXBuildFile; fileRef = E4BD6F371AA62A9E00B2356E /* LaunchScreen.xib */; };
		E4BD6F451AA62A9E00B2356E /* NotizenTests.m in Sources */ = {isa = PBXBuildFile; fileRef = E4BD6F441AA62A9E00B2356E /* NotizenTests.m */; };
		E4BD6F501AA62CE000B2356E /* CloudKit.framework in Frameworks */ = {isa = PBXBuildFile; fileRef = E4BD6F4F1AA62CE000B2356E /* CloudKit.framework */; };
		E4BD6F531AA62E0C00B2356E /* StoreHandler.m in Sources */ = {isa = PBXBuildFile; fileRef = E4BD6F521AA62E0C00B2356E /* StoreHandler.m */; };
		E4BD6F561AA63CFD00B2356E /* NoteContainer.m in Sources */ = {isa = PBXBuildFile; fileRef = E4BD6F551AA63CFD00B2356E /* NoteContainer.m */; };
		E4BD6F591AA63CFE00B2356E /* Note.m in Sources */ = {isa = PBXBuildFile; fileRef = E4BD6F581AA63CFE00B2356E /* Note.m */; };
		E4BD6F5C1AA63CFE00B2356E /* NoteContent.m in Sources */ = {isa = PBXBuildFile; fileRef = E4BD6F5B1AA63CFE00B2356E /* NoteContent.m */; };
		E4BF73E71AB1D61300F8042C /* ModalMapView.m in Sources */ = {isa = PBXBuildFile; fileRef = E4BF73E61AB1D61300F8042C /* ModalMapView.m */; };
		E4E047DE1AA747B800A93216 /* ContainerViewController.m in Sources */ = {isa = PBXBuildFile; fileRef = E4E047DD1AA747B800A93216 /* ContainerViewController.m */; };
		E4E047E31AA781C800A93216 /* MessageUI.framework in Frameworks */ = {isa = PBXBuildFile; fileRef = E4E047E21AA781C800A93216 /* MessageUI.framework */; };
		E4E047E51AA782C000A93216 /* MediaPlayer.framework in Frameworks */ = {isa = PBXBuildFile; fileRef = E4E047E41AA782C000A93216 /* MediaPlayer.framework */; };
		E4E047E71AA782C600A93216 /* MapKit.framework in Frameworks */ = {isa = PBXBuildFile; fileRef = E4E047E61AA782C600A93216 /* MapKit.framework */; };
		E4E047EA1AA7878300A93216 /* ImageCell.m in Sources */ = {isa = PBXBuildFile; fileRef = E4E047E91AA7878300A93216 /* ImageCell.m */; };
		E4E047ED1AA7879300A93216 /* VideoCell.m in Sources */ = {isa = PBXBuildFile; fileRef = E4E047EC1AA7879300A93216 /* VideoCell.m */; };
		E4E047F01AA7879E00A93216 /* TextCell.m in Sources */ = {isa = PBXBuildFile; fileRef = E4E047EF1AA7879E00A93216 /* TextCell.m */; };
		E4E047F31AA787A700A93216 /* AudioCell.m in Sources */ = {isa = PBXBuildFile; fileRef = E4E047F21AA787A700A93216 /* AudioCell.m */; };
		E4E047F61AA787B500A93216 /* LocationCell.m in Sources */ = {isa = PBXBuildFile; fileRef = E4E047F51AA787B500A93216 /* LocationCell.m */; };
/* End PBXBuildFile section */

/* Begin PBXContainerItemProxy section */
		E45E9A831AB9B0D400F43F9D /* PBXContainerItemProxy */ = {
			isa = PBXContainerItemProxy;
			containerPortal = E4BD6F171AA62A9E00B2356E /* Project object */;
			proxyType = 1;
			remoteGlobalIDString = E45E9A801AB9B0D400F43F9D;
			remoteInfo = " WatchKit App";
		};
		E45E9A8D1AB9B0D400F43F9D /* PBXContainerItemProxy */ = {
			isa = PBXContainerItemProxy;
			containerPortal = E4BD6F171AA62A9E00B2356E /* Project object */;
			proxyType = 1;
			remoteGlobalIDString = E45E9A721AB9B0D400F43F9D;
			remoteInfo = " WatchKit Extension";
		};
		E4BD6F3F1AA62A9E00B2356E /* PBXContainerItemProxy */ = {
			isa = PBXContainerItemProxy;
			containerPortal = E4BD6F171AA62A9E00B2356E /* Project object */;
			proxyType = 1;
			remoteGlobalIDString = E4BD6F1E1AA62A9E00B2356E;
			remoteInfo = Notizen;
		};
/* End PBXContainerItemProxy section */

/* Begin PBXCopyFilesBuildPhase section */
		E45E9A961AB9B0D400F43F9D /* Embed App Extensions */ = {
			isa = PBXCopyFilesBuildPhase;
			buildActionMask = 2147483647;
			dstPath = "";
			dstSubfolderSpec = 13;
			files = (
				E45E9A8F1AB9B0D400F43F9D /*  WatchKit Extension.appex in Embed App Extensions */,
			);
			name = "Embed App Extensions";
			runOnlyForDeploymentPostprocessing = 0;
		};
/* End PBXCopyFilesBuildPhase section */

/* Begin PBXFileReference section */
		E4086E6D1AA8A0D70049A1F5 /* ModalTextView.h */ = {isa = PBXFileReference; fileEncoding = 4; lastKnownFileType = sourcecode.c.h; path = ModalTextView.h; sourceTree = "<group>"; };
		E4086E6E1AA8A0D70049A1F5 /* ModalTextView.m */ = {isa = PBXFileReference; fileEncoding = 4; lastKnownFileType = sourcecode.c.objc; path = ModalTextView.m; sourceTree = "<group>"; };
		E424DFE01AB0A287000636F2 /* ContentChoiceView.h */ = {isa = PBXFileReference; fileEncoding = 4; lastKnownFileType = sourcecode.c.h; path = ContentChoiceView.h; sourceTree = "<group>"; };
		E424DFE11AB0A287000636F2 /* ContentChoiceView.m */ = {isa = PBXFileReference; fileEncoding = 4; lastKnownFileType = sourcecode.c.objc; path = ContentChoiceView.m; sourceTree = "<group>"; };
		E43B0DF91AA9E3B10050EC8B /* RotationController.h */ = {isa = PBXFileReference; fileEncoding = 4; lastKnownFileType = sourcecode.c.h; path = RotationController.h; sourceTree = "<group>"; };
		E43B0DFA1AA9E3B10050EC8B /* RotationController.m */ = {isa = PBXFileReference; fileEncoding = 4; lastKnownFileType = sourcecode.c.objc; path = RotationController.m; sourceTree = "<group>"; };
		E43B0E021AA9E6900050EC8B /* RotationSplitViewController.h */ = {isa = PBXFileReference; fileEncoding = 4; lastKnownFileType = sourcecode.c.h; path = RotationSplitViewController.h; sourceTree = "<group>"; };
		E43B0E031AA9E6900050EC8B /* RotationSplitViewController.m */ = {isa = PBXFileReference; fileEncoding = 4; lastKnownFileType = sourcecode.c.objc; path = RotationSplitViewController.m; sourceTree = "<group>"; };
		E4442D441AC9AD1E0072DC2D /* ScaleButton.h */ = {isa = PBXFileReference; fileEncoding = 4; lastKnownFileType = sourcecode.c.h; path = ScaleButton.h; sourceTree = "<group>"; };
		E4442D451AC9AD1E0072DC2D /* ScaleButton.m */ = {isa = PBXFileReference; fileEncoding = 4; lastKnownFileType = sourcecode.c.objc; path = ScaleButton.m; sourceTree = "<group>"; };
		E4589C5D1AB72E3B002064B6 /* en */ = {isa = PBXFileReference; lastKnownFileType = text.plist.strings; name = en; path = en.lproj/Localizable.strings; sourceTree = "<group>"; };
		E4589C5E1AB72E3F002064B6 /* de */ = {isa = PBXFileReference; lastKnownFileType = text.plist.strings; name = de; path = de.lproj/Localizable.strings; sourceTree = "<group>"; };
		E4589C601AB72E6C002064B6 /* en */ = {isa = PBXFileReference; lastKnownFileType = file.storyboard; name = en; path = en.lproj/Main.storyboard; sourceTree = "<group>"; };
		E4589C611AB72EFF002064B6 /* en */ = {isa = PBXFileReference; lastKnownFileType = text.plist.xml; name = en; path = en.lproj/Info.plist; sourceTree = "<group>"; };
		E4589C661AB7375E002064B6 /* en */ = {isa = PBXFileReference; lastKnownFileType = file.xib; name = en; path = en.lproj/LaunchScreen.xib; sourceTree = "<group>"; };
		E4589C6B1AB73BC8002064B6 /* Settings.bundle */ = {isa = PBXFileReference; lastKnownFileType = "wrapper.plug-in"; path = Settings.bundle; sourceTree = "<group>"; };
		E45E9A731AB9B0D400F43F9D /*  WatchKit Extension.appex */ = {isa = PBXFileReference; explicitFileType = "wrapper.app-extension"; includeInIndex = 0; path = " WatchKit Extension.appex"; sourceTree = BUILT_PRODUCTS_DIR; };
		E45E9A761AB9B0D400F43F9D /* Info.plist */ = {isa = PBXFileReference; lastKnownFileType = text.plist.xml; path = Info.plist; sourceTree = "<group>"; };
		E45E9A771AB9B0D400F43F9D /* InterfaceController.h */ = {isa = PBXFileReference; lastKnownFileType = sourcecode.c.h; path = InterfaceController.h; sourceTree = "<group>"; };
		E45E9A781AB9B0D400F43F9D /* InterfaceController.m */ = {isa = PBXFileReference; lastKnownFileType = sourcecode.c.objc; path = InterfaceController.m; sourceTree = "<group>"; };
		E45E9A7A1AB9B0D400F43F9D /* GlanceController.h */ = {isa = PBXFileReference; lastKnownFileType = sourcecode.c.h; path = GlanceController.h; sourceTree = "<group>"; };
		E45E9A7B1AB9B0D400F43F9D /* GlanceController.m */ = {isa = PBXFileReference; lastKnownFileType = sourcecode.c.objc; path = GlanceController.m; sourceTree = "<group>"; };
		E45E9A7D1AB9B0D400F43F9D /* Images.xcassets */ = {isa = PBXFileReference; lastKnownFileType = folder.assetcatalog; path = Images.xcassets; sourceTree = "<group>"; };
		E45E9A811AB9B0D400F43F9D /*  WatchKit App.app */ = {isa = PBXFileReference; explicitFileType = wrapper.application; includeInIndex = 0; path = " WatchKit App.app"; sourceTree = BUILT_PRODUCTS_DIR; };
		E45E9A871AB9B0D400F43F9D /* Info.plist */ = {isa = PBXFileReference; lastKnownFileType = text.plist.xml; path = Info.plist; sourceTree = "<group>"; };
		E45E9A891AB9B0D400F43F9D /* Base */ = {isa = PBXFileReference; lastKnownFileType = file.storyboard; name = Base; path = Base.lproj/Interface.storyboard; sourceTree = "<group>"; };
		E45E9A8B1AB9B0D400F43F9D /* Images.xcassets */ = {isa = PBXFileReference; lastKnownFileType = folder.assetcatalog; path = Images.xcassets; sourceTree = "<group>"; };
		E45E9A971AB9BC1700F43F9D /* SaveLocation.h */ = {isa = PBXFileReference; fileEncoding = 4; lastKnownFileType = sourcecode.c.h; path = SaveLocation.h; sourceTree = "<group>"; };
		E45E9A981AB9BC1700F43F9D /* SaveLocation.m */ = {isa = PBXFileReference; fileEncoding = 4; lastKnownFileType = sourcecode.c.objc; path = SaveLocation.m; sourceTree = "<group>"; };
		E45E9A9A1AB9BC8900F43F9D /* ShowLocations.h */ = {isa = PBXFileReference; fileEncoding = 4; lastKnownFileType = sourcecode.c.h; path = ShowLocations.h; sourceTree = "<group>"; };
		E45E9A9B1AB9BC8900F43F9D /* ShowLocations.m */ = {isa = PBXFileReference; fileEncoding = 4; lastKnownFileType = sourcecode.c.objc; path = ShowLocations.m; sourceTree = "<group>"; };
		E460311B1AAF22ED00DA7203 /* ModalImageView.h */ = {isa = PBXFileReference; fileEncoding = 4; lastKnownFileType = sourcecode.c.h; path = ModalImageView.h; sourceTree = "<group>"; };
		E460311C1AAF22ED00DA7203 /* ModalImageView.m */ = {isa = PBXFileReference; fileEncoding = 4; lastKnownFileType = sourcecode.c.objc; path = ModalImageView.m; sourceTree = "<group>"; };
		E46344821AC98C22007E6C47 /* InsertContainerController.h */ = {isa = PBXFileReference; fileEncoding = 4; lastKnownFileType = sourcecode.c.h; path = InsertContainerController.h; sourceTree = "<group>"; };
		E46344831AC98C22007E6C47 /* InsertContainerController.m */ = {isa = PBXFileReference; fileEncoding = 4; lastKnownFileType = sourcecode.c.objc; path = InsertContainerController.m; sourceTree = "<group>"; };
		E46D8E201AC7202B00663FBF /* SearchViewController.h */ = {isa = PBXFileReference; fileEncoding = 4; lastKnownFileType = sourcecode.c.h; path = SearchViewController.h; sourceTree = "<group>"; };
		E46D8E211AC7202B00663FBF /* SearchViewController.m */ = {isa = PBXFileReference; fileEncoding = 4; lastKnownFileType = sourcecode.c.objc; path = SearchViewController.m; sourceTree = "<group>"; };
		E46D8E231AC84A2700663FBF /* MasterCell.h */ = {isa = PBXFileReference; fileEncoding = 4; lastKnownFileType = sourcecode.c.h; path = MasterCell.h; sourceTree = "<group>"; };
		E46D8E241AC84A2700663FBF /* MasterCell.m */ = {isa = PBXFileReference; fileEncoding = 4; lastKnownFileType = sourcecode.c.objc; path = MasterCell.m; sourceTree = "<group>"; };
		E491F7931AB84F2E0096092B /* en */ = {isa = PBXFileReference; lastKnownFileType = text.plist.strings; name = en; path = en.lproj/InfoPlist.strings; sourceTree = "<group>"; };
		E491F7951AB84F300096092B /* de */ = {isa = PBXFileReference; lastKnownFileType = text.plist.strings; name = de; path = de.lproj/InfoPlist.strings; sourceTree = "<group>"; };
		E491F7961AB85C270096092B /* AddressBookUI.framework */ = {isa = PBXFileReference; lastKnownFileType = wrapper.framework; name = AddressBookUI.framework; path = System/Library/Frameworks/AddressBookUI.framework; sourceTree = SDKROOT; };
		E495F5441ABC5457000FC17E /* MoveViewController.h */ = {isa = PBXFileReference; fileEncoding = 4; lastKnownFileType = sourcecode.c.h; path = MoveViewController.h; sourceTree = "<group>"; };
		E495F5451ABC5457000FC17E /* MoveViewController.m */ = {isa = PBXFileReference; fileEncoding = 4; lastKnownFileType = sourcecode.c.objc; path = MoveViewController.m; sourceTree = "<group>"; };
		E495F5481ABC612C000FC17E /* de */ = {isa = PBXFileReference; lastKnownFileType = text.plist.strings; name = de; path = de.lproj/Interface.strings; sourceTree = "<group>"; };
		E495F54D1ABC699F000FC17E /* de */ = {isa = PBXFileReference; lastKnownFileType = text.plist.strings; name = de; path = de.lproj/Main.strings; sourceTree = "<group>"; };
		E495F54E1ABC6A2B000FC17E /* BVReorderTableView.h */ = {isa = PBXFileReference; fileEncoding = 4; lastKnownFileType = sourcecode.c.h; path = BVReorderTableView.h; sourceTree = "<group>"; };
		E495F54F1ABC6A2B000FC17E /* BVReorderTableView.m */ = {isa = PBXFileReference; fileEncoding = 4; lastKnownFileType = sourcecode.c.objc; path = BVReorderTableView.m; sourceTree = "<group>"; };
		E4A74B5A1ACDABBD007B02B7 /* Samba WIP.m4a */ = {isa = PBXFileReference; lastKnownFileType = file; path = "Samba WIP.m4a"; sourceTree = "<group>"; };
		E4BD6F1F1AA62A9E00B2356E /* Notizen.app */ = {isa = PBXFileReference; explicitFileType = wrapper.application; includeInIndex = 0; path = Notizen.app; sourceTree = BUILT_PRODUCTS_DIR; };
		E4BD6F241AA62A9E00B2356E /* main.m */ = {isa = PBXFileReference; lastKnownFileType = sourcecode.c.objc; path = main.m; sourceTree = "<group>"; };
		E4BD6F261AA62A9E00B2356E /* AppDelegate.h */ = {isa = PBXFileReference; lastKnownFileType = sourcecode.c.h; path = AppDelegate.h; sourceTree = "<group>"; };
		E4BD6F271AA62A9E00B2356E /* AppDelegate.m */ = {isa = PBXFileReference; lastKnownFileType = sourcecode.c.objc; path = AppDelegate.m; sourceTree = "<group>"; };
		E4BD6F2A1AA62A9E00B2356E /* Notizen.xcdatamodel */ = {isa = PBXFileReference; lastKnownFileType = wrapper.xcdatamodel; path = Notizen.xcdatamodel; sourceTree = "<group>"; };
		E4BD6F2C1AA62A9E00B2356E /* MasterViewController.h */ = {isa = PBXFileReference; lastKnownFileType = sourcecode.c.h; path = MasterViewController.h; sourceTree = "<group>"; };
		E4BD6F2D1AA62A9E00B2356E /* MasterViewController.m */ = {isa = PBXFileReference; lastKnownFileType = sourcecode.c.objc; path = MasterViewController.m; sourceTree = "<group>"; };
		E4BD6F351AA62A9E00B2356E /* Images.xcassets */ = {isa = PBXFileReference; lastKnownFileType = folder.assetcatalog; path = Images.xcassets; sourceTree = "<group>"; };
		E4BD6F3E1AA62A9E00B2356E /* NotizenTests.xctest */ = {isa = PBXFileReference; explicitFileType = wrapper.cfbundle; includeInIndex = 0; path = NotizenTests.xctest; sourceTree = BUILT_PRODUCTS_DIR; };
		E4BD6F431AA62A9E00B2356E /* Info.plist */ = {isa = PBXFileReference; lastKnownFileType = text.plist.xml; path = Info.plist; sourceTree = "<group>"; };
		E4BD6F441AA62A9E00B2356E /* NotizenTests.m */ = {isa = PBXFileReference; lastKnownFileType = sourcecode.c.objc; path = NotizenTests.m; sourceTree = "<group>"; };
		E4BD6F4E1AA62C9F00B2356E /* Notizen.entitlements */ = {isa = PBXFileReference; lastKnownFileType = text.xml; path = Notizen.entitlements; sourceTree = "<group>"; };
		E4BD6F4F1AA62CE000B2356E /* CloudKit.framework */ = {isa = PBXFileReference; lastKnownFileType = wrapper.framework; name = CloudKit.framework; path = System/Library/Frameworks/CloudKit.framework; sourceTree = SDKROOT; };
		E4BD6F511AA62E0C00B2356E /* StoreHandler.h */ = {isa = PBXFileReference; fileEncoding = 4; lastKnownFileType = sourcecode.c.h; path = StoreHandler.h; sourceTree = "<group>"; };
		E4BD6F521AA62E0C00B2356E /* StoreHandler.m */ = {isa = PBXFileReference; fileEncoding = 4; lastKnownFileType = sourcecode.c.objc; path = StoreHandler.m; sourceTree = "<group>"; };
		E4BD6F541AA63CFD00B2356E /* NoteContainer.h */ = {isa = PBXFileReference; fileEncoding = 4; lastKnownFileType = sourcecode.c.h; path = NoteContainer.h; sourceTree = "<group>"; };
		E4BD6F551AA63CFD00B2356E /* NoteContainer.m */ = {isa = PBXFileReference; fileEncoding = 4; lastKnownFileType = sourcecode.c.objc; path = NoteContainer.m; sourceTree = "<group>"; };
		E4BD6F571AA63CFE00B2356E /* Note.h */ = {isa = PBXFileReference; fileEncoding = 4; lastKnownFileType = sourcecode.c.h; path = Note.h; sourceTree = "<group>"; };
		E4BD6F581AA63CFE00B2356E /* Note.m */ = {isa = PBXFileReference; fileEncoding = 4; lastKnownFileType = sourcecode.c.objc; path = Note.m; sourceTree = "<group>"; };
		E4BD6F5A1AA63CFE00B2356E /* NoteContent.h */ = {isa = PBXFileReference; fileEncoding = 4; lastKnownFileType = sourcecode.c.h; path = NoteContent.h; sourceTree = "<group>"; };
		E4BD6F5B1AA63CFE00B2356E /* NoteContent.m */ = {isa = PBXFileReference; fileEncoding = 4; lastKnownFileType = sourcecode.c.objc; path = NoteContent.m; sourceTree = "<group>"; };
		E4BF73E51AB1D61300F8042C /* ModalMapView.h */ = {isa = PBXFileReference; fileEncoding = 4; lastKnownFileType = sourcecode.c.h; path = ModalMapView.h; sourceTree = "<group>"; };
		E4BF73E61AB1D61300F8042C /* ModalMapView.m */ = {isa = PBXFileReference; fileEncoding = 4; lastKnownFileType = sourcecode.c.objc; path = ModalMapView.m; sourceTree = "<group>"; };
		E4E047DC1AA747B800A93216 /* ContainerViewController.h */ = {isa = PBXFileReference; fileEncoding = 4; lastKnownFileType = sourcecode.c.h; path = ContainerViewController.h; sourceTree = "<group>"; };
		E4E047DD1AA747B800A93216 /* ContainerViewController.m */ = {isa = PBXFileReference; fileEncoding = 4; lastKnownFileType = sourcecode.c.objc; path = ContainerViewController.m; sourceTree = "<group>"; };
		E4E047E21AA781C800A93216 /* MessageUI.framework */ = {isa = PBXFileReference; lastKnownFileType = wrapper.framework; name = MessageUI.framework; path = System/Library/Frameworks/MessageUI.framework; sourceTree = SDKROOT; };
		E4E047E41AA782C000A93216 /* MediaPlayer.framework */ = {isa = PBXFileReference; lastKnownFileType = wrapper.framework; name = MediaPlayer.framework; path = System/Library/Frameworks/MediaPlayer.framework; sourceTree = SDKROOT; };
		E4E047E61AA782C600A93216 /* MapKit.framework */ = {isa = PBXFileReference; lastKnownFileType = wrapper.framework; name = MapKit.framework; path = System/Library/Frameworks/MapKit.framework; sourceTree = SDKROOT; };
		E4E047E81AA7878300A93216 /* ImageCell.h */ = {isa = PBXFileReference; fileEncoding = 4; lastKnownFileType = sourcecode.c.h; path = ImageCell.h; sourceTree = "<group>"; };
		E4E047E91AA7878300A93216 /* ImageCell.m */ = {isa = PBXFileReference; fileEncoding = 4; lastKnownFileType = sourcecode.c.objc; path = ImageCell.m; sourceTree = "<group>"; };
		E4E047EB1AA7879300A93216 /* VideoCell.h */ = {isa = PBXFileReference; fileEncoding = 4; lastKnownFileType = sourcecode.c.h; path = VideoCell.h; sourceTree = "<group>"; };
		E4E047EC1AA7879300A93216 /* VideoCell.m */ = {isa = PBXFileReference; fileEncoding = 4; lastKnownFileType = sourcecode.c.objc; path = VideoCell.m; sourceTree = "<group>"; };
		E4E047EE1AA7879E00A93216 /* TextCell.h */ = {isa = PBXFileReference; fileEncoding = 4; lastKnownFileType = sourcecode.c.h; path = TextCell.h; sourceTree = "<group>"; };
		E4E047EF1AA7879E00A93216 /* TextCell.m */ = {isa = PBXFileReference; fileEncoding = 4; lastKnownFileType = sourcecode.c.objc; path = TextCell.m; sourceTree = "<group>"; };
		E4E047F11AA787A700A93216 /* AudioCell.h */ = {isa = PBXFileReference; fileEncoding = 4; lastKnownFileType = sourcecode.c.h; path = AudioCell.h; sourceTree = "<group>"; };
		E4E047F21AA787A700A93216 /* AudioCell.m */ = {isa = PBXFileReference; fileEncoding = 4; lastKnownFileType = sourcecode.c.objc; path = AudioCell.m; sourceTree = "<group>"; };
		E4E047F41AA787B500A93216 /* LocationCell.h */ = {isa = PBXFileReference; fileEncoding = 4; lastKnownFileType = sourcecode.c.h; path = LocationCell.h; sourceTree = "<group>"; };
		E4E047F51AA787B500A93216 /* LocationCell.m */ = {isa = PBXFileReference; fileEncoding = 4; lastKnownFileType = sourcecode.c.objc; path = LocationCell.m; sourceTree = "<group>"; };
/* End PBXFileReference section */

/* Begin PBXFrameworksBuildPhase section */
		E45E9A701AB9B0D400F43F9D /* Frameworks */ = {
			isa = PBXFrameworksBuildPhase;
			buildActionMask = 2147483647;
			files = (
			);
			runOnlyForDeploymentPostprocessing = 0;
		};
		E4BD6F1C1AA62A9E00B2356E /* Frameworks */ = {
			isa = PBXFrameworksBuildPhase;
			buildActionMask = 2147483647;
			files = (
				E491F7971AB85C270096092B /* AddressBookUI.framework in Frameworks */,
				E4E047E71AA782C600A93216 /* MapKit.framework in Frameworks */,
				E4E047E51AA782C000A93216 /* MediaPlayer.framework in Frameworks */,
				E4E047E31AA781C800A93216 /* MessageUI.framework in Frameworks */,
				E4BD6F501AA62CE000B2356E /* CloudKit.framework in Frameworks */,
			);
			runOnlyForDeploymentPostprocessing = 0;
		};
		E4BD6F3B1AA62A9E00B2356E /* Frameworks */ = {
			isa = PBXFrameworksBuildPhase;
			buildActionMask = 2147483647;
			files = (
			);
			runOnlyForDeploymentPostprocessing = 0;
		};
/* End PBXFrameworksBuildPhase section */

/* Begin PBXGroup section */
		E43B0E051AA9E7940050EC8B /* Rotation Controllers */ = {
			isa = PBXGroup;
			children = (
				E43B0E021AA9E6900050EC8B /* RotationSplitViewController.h */,
				E43B0E031AA9E6900050EC8B /* RotationSplitViewController.m */,
				E43B0DF91AA9E3B10050EC8B /* RotationController.h */,
				E43B0DFA1AA9E3B10050EC8B /* RotationController.m */,
			);
			name = "Rotation Controllers";
			sourceTree = "<group>";
		};
		E45E9A741AB9B0D400F43F9D /*  WatchKit Extension */ = {
			isa = PBXGroup;
			children = (
				E45E9A771AB9B0D400F43F9D /* InterfaceController.h */,
				E45E9A781AB9B0D400F43F9D /* InterfaceController.m */,
				E45E9A971AB9BC1700F43F9D /* SaveLocation.h */,
				E45E9A981AB9BC1700F43F9D /* SaveLocation.m */,
				E45E9A9A1AB9BC8900F43F9D /* ShowLocations.h */,
				E45E9A9B1AB9BC8900F43F9D /* ShowLocations.m */,
				E45E9A7A1AB9B0D400F43F9D /* GlanceController.h */,
				E45E9A7B1AB9B0D400F43F9D /* GlanceController.m */,
				E45E9A7D1AB9B0D400F43F9D /* Images.xcassets */,
				E45E9A751AB9B0D400F43F9D /* Supporting Files */,
			);
			path = " WatchKit Extension";
			sourceTree = "<group>";
		};
		E45E9A751AB9B0D400F43F9D /* Supporting Files */ = {
			isa = PBXGroup;
			children = (
				E45E9A761AB9B0D400F43F9D /* Info.plist */,
			);
			name = "Supporting Files";
			sourceTree = "<group>";
		};
		E45E9A851AB9B0D400F43F9D /*  WatchKit App */ = {
			isa = PBXGroup;
			children = (
				E45E9A881AB9B0D400F43F9D /* Interface.storyboard */,
				E45E9A8B1AB9B0D400F43F9D /* Images.xcassets */,
				E45E9A861AB9B0D400F43F9D /* Supporting Files */,
			);
			path = " WatchKit App";
			sourceTree = "<group>";
		};
		E45E9A861AB9B0D400F43F9D /* Supporting Files */ = {
			isa = PBXGroup;
			children = (
				E45E9A871AB9B0D400F43F9D /* Info.plist */,
			);
			name = "Supporting Files";
			sourceTree = "<group>";
		};
		E495F5431ABC4E14000FC17E /* Modal Controllers */ = {
			isa = PBXGroup;
			children = (
				E4086E6D1AA8A0D70049A1F5 /* ModalTextView.h */,
				E4086E6E1AA8A0D70049A1F5 /* ModalTextView.m */,
				E460311B1AAF22ED00DA7203 /* ModalImageView.h */,
				E460311C1AAF22ED00DA7203 /* ModalImageView.m */,
				E4BF73E51AB1D61300F8042C /* ModalMapView.h */,
				E4BF73E61AB1D61300F8042C /* ModalMapView.m */,
			);
			name = "Modal Controllers";
			sourceTree = "<group>";
		};
		E4BD6F161AA62A9E00B2356E = {
			isa = PBXGroup;
			children = (
				E491F7961AB85C270096092B /* AddressBookUI.framework */,
				E4E047E61AA782C600A93216 /* MapKit.framework */,
				E4E047E41AA782C000A93216 /* MediaPlayer.framework */,
				E4E047E21AA781C800A93216 /* MessageUI.framework */,
				E4BD6F4F1AA62CE000B2356E /* CloudKit.framework */,
				E4BD6F211AA62A9E00B2356E /* Notizen */,
				E4BD6F411AA62A9E00B2356E /* NotizenTests */,
				E45E9A741AB9B0D400F43F9D /*  WatchKit Extension */,
				E45E9A851AB9B0D400F43F9D /*  WatchKit App */,
				E4BD6F201AA62A9E00B2356E /* Products */,
			);
			sourceTree = "<group>";
		};
		E4BD6F201AA62A9E00B2356E /* Products */ = {
			isa = PBXGroup;
			children = (
				E4BD6F1F1AA62A9E00B2356E /* Notizen.app */,
				E4BD6F3E1AA62A9E00B2356E /* NotizenTests.xctest */,
				E45E9A731AB9B0D400F43F9D /*  WatchKit Extension.appex */,
				E45E9A811AB9B0D400F43F9D /*  WatchKit App.app */,
			);
			name = Products;
			sourceTree = "<group>";
		};
		E4BD6F211AA62A9E00B2356E /* Notizen */ = {
			isa = PBXGroup;
			children = (
				E4BD6F4E1AA62C9F00B2356E /* Notizen.entitlements */,
				E4A74B5A1ACDABBD007B02B7 /* Samba WIP.m4a */,
				E4589C5C1AB72E33002064B6 /* Localizable.strings */,
				E4589C6B1AB73BC8002064B6 /* Settings.bundle */,
				E4BD6F261AA62A9E00B2356E /* AppDelegate.h */,
				E4BD6F271AA62A9E00B2356E /* AppDelegate.m */,
				E4BD6F511AA62E0C00B2356E /* StoreHandler.h */,
				E4BD6F521AA62E0C00B2356E /* StoreHandler.m */,
				E495F54E1ABC6A2B000FC17E /* BVReorderTableView.h */,
				E495F54F1ABC6A2B000FC17E /* BVReorderTableView.m */,
				E43B0E051AA9E7940050EC8B /* Rotation Controllers */,
				E4BD6F2C1AA62A9E00B2356E /* MasterViewController.h */,
				E4BD6F2D1AA62A9E00B2356E /* MasterViewController.m */,
				E46344821AC98C22007E6C47 /* InsertContainerController.h */,
				E46344831AC98C22007E6C47 /* InsertContainerController.m */,
				E46D8E201AC7202B00663FBF /* SearchViewController.h */,
				E46D8E211AC7202B00663FBF /* SearchViewController.m */,
				E4E047DC1AA747B800A93216 /* ContainerViewController.h */,
				E4E047DD1AA747B800A93216 /* ContainerViewController.m */,
				E495F5441ABC5457000FC17E /* MoveViewController.h */,
				E495F5451ABC5457000FC17E /* MoveViewController.m */,
				E424DFE01AB0A287000636F2 /* ContentChoiceView.h */,
				E424DFE11AB0A287000636F2 /* ContentChoiceView.m */,
				E4442D441AC9AD1E0072DC2D /* ScaleButton.h */,
				E4442D451AC9AD1E0072DC2D /* ScaleButton.m */,
				E495F5431ABC4E14000FC17E /* Modal Controllers */,
				E4E047F71AA787BD00A93216 /* TableViewCell Subclasses */,
				E4BD6F321AA62A9E00B2356E /* Main.storyboard */,
				E4BD6F351AA62A9E00B2356E /* Images.xcassets */,
				E4BD6F371AA62A9E00B2356E /* LaunchScreen.xib */,
				E4BD6F291AA62A9E00B2356E /* Notizen.xcdatamodeld */,
				E4BD6F5D1AA63D0700B2356E /* CoreData Subclasses */,
				E4BD6F221AA62A9E00B2356E /* Supporting Files */,
			);
			path = Notizen;
			sourceTree = "<group>";
		};
		E4BD6F221AA62A9E00B2356E /* Supporting Files */ = {
			isa = PBXGroup;
			children = (
				E4589C621AB72EFF002064B6 /* Info.plist */,
				E4BD6F241AA62A9E00B2356E /* main.m */,
				E491F7941AB84F2E0096092B /* InfoPlist.strings */,
			);
			name = "Supporting Files";
			sourceTree = "<group>";
		};
		E4BD6F411AA62A9E00B2356E /* NotizenTests */ = {
			isa = PBXGroup;
			children = (
				E4BD6F441AA62A9E00B2356E /* NotizenTests.m */,
				E4BD6F421AA62A9E00B2356E /* Supporting Files */,
			);
			path = NotizenTests;
			sourceTree = "<group>";
		};
		E4BD6F421AA62A9E00B2356E /* Supporting Files */ = {
			isa = PBXGroup;
			children = (
				E4BD6F431AA62A9E00B2356E /* Info.plist */,
			);
			name = "Supporting Files";
			sourceTree = "<group>";
		};
		E4BD6F5D1AA63D0700B2356E /* CoreData Subclasses */ = {
			isa = PBXGroup;
			children = (
				E4BD6F5A1AA63CFE00B2356E /* NoteContent.h */,
				E4BD6F5B1AA63CFE00B2356E /* NoteContent.m */,
				E4BD6F571AA63CFE00B2356E /* Note.h */,
				E4BD6F581AA63CFE00B2356E /* Note.m */,
				E4BD6F541AA63CFD00B2356E /* NoteContainer.h */,
				E4BD6F551AA63CFD00B2356E /* NoteContainer.m */,
			);
			name = "CoreData Subclasses";
			sourceTree = "<group>";
		};
		E4E047F71AA787BD00A93216 /* TableViewCell Subclasses */ = {
			isa = PBXGroup;
			children = (
				E4E047EE1AA7879E00A93216 /* TextCell.h */,
				E4E047EF1AA7879E00A93216 /* TextCell.m */,
				E4E047E81AA7878300A93216 /* ImageCell.h */,
				E4E047E91AA7878300A93216 /* ImageCell.m */,
				E4E047EB1AA7879300A93216 /* VideoCell.h */,
				E4E047EC1AA7879300A93216 /* VideoCell.m */,
				E4E047F11AA787A700A93216 /* AudioCell.h */,
				E4E047F21AA787A700A93216 /* AudioCell.m */,
				E4E047F41AA787B500A93216 /* LocationCell.h */,
				E4E047F51AA787B500A93216 /* LocationCell.m */,
				E46D8E231AC84A2700663FBF /* MasterCell.h */,
				E46D8E241AC84A2700663FBF /* MasterCell.m */,
			);
			name = "TableViewCell Subclasses";
			sourceTree = "<group>";
		};
/* End PBXGroup section */

/* Begin PBXNativeTarget section */
		E45E9A721AB9B0D400F43F9D /*  WatchKit Extension */ = {
			isa = PBXNativeTarget;
			buildConfigurationList = E45E9A951AB9B0D400F43F9D /* Build configuration list for PBXNativeTarget " WatchKit Extension" */;
			buildPhases = (
				E45E9A6F1AB9B0D400F43F9D /* Sources */,
				E45E9A701AB9B0D400F43F9D /* Frameworks */,
				E45E9A711AB9B0D400F43F9D /* Resources */,
			);
			buildRules = (
			);
			dependencies = (
				E45E9A841AB9B0D400F43F9D /* PBXTargetDependency */,
			);
			name = " WatchKit Extension";
			productName = " WatchKit Extension";
			productReference = E45E9A731AB9B0D400F43F9D /*  WatchKit Extension.appex */;
			productType = "com.apple.product-type.watchkit-extension";
		};
		E45E9A801AB9B0D400F43F9D /*  WatchKit App */ = {
			isa = PBXNativeTarget;
			buildConfigurationList = E45E9A941AB9B0D400F43F9D /* Build configuration list for PBXNativeTarget " WatchKit App" */;
			buildPhases = (
				E45E9A7F1AB9B0D400F43F9D /* Resources */,
			);
			buildRules = (
			);
			dependencies = (
			);
			name = " WatchKit App";
			productName = " WatchKit App";
			productReference = E45E9A811AB9B0D400F43F9D /*  WatchKit App.app */;
			productType = "com.apple.product-type.application.watchapp";
		};
		E4BD6F1E1AA62A9E00B2356E /* Notizen */ = {
			isa = PBXNativeTarget;
			buildConfigurationList = E4BD6F481AA62A9E00B2356E /* Build configuration list for PBXNativeTarget "Notizen" */;
			buildPhases = (
				E4BD6F1B1AA62A9E00B2356E /* Sources */,
				E4BD6F1C1AA62A9E00B2356E /* Frameworks */,
				E4BD6F1D1AA62A9E00B2356E /* Resources */,
				E45E9A961AB9B0D400F43F9D /* Embed App Extensions */,
			);
			buildRules = (
			);
			dependencies = (
				E45E9A8E1AB9B0D400F43F9D /* PBXTargetDependency */,
			);
			name = Notizen;
			productName = Notizen;
			productReference = E4BD6F1F1AA62A9E00B2356E /* Notizen.app */;
			productType = "com.apple.product-type.application";
		};
		E4BD6F3D1AA62A9E00B2356E /* NotizenTests */ = {
			isa = PBXNativeTarget;
			buildConfigurationList = E4BD6F4B1AA62A9E00B2356E /* Build configuration list for PBXNativeTarget "NotizenTests" */;
			buildPhases = (
				E4BD6F3A1AA62A9E00B2356E /* Sources */,
				E4BD6F3B1AA62A9E00B2356E /* Frameworks */,
				E4BD6F3C1AA62A9E00B2356E /* Resources */,
			);
			buildRules = (
			);
			dependencies = (
				E4BD6F401AA62A9E00B2356E /* PBXTargetDependency */,
			);
			name = NotizenTests;
			productName = NotizenTests;
			productReference = E4BD6F3E1AA62A9E00B2356E /* NotizenTests.xctest */;
			productType = "com.apple.product-type.bundle.unit-test";
		};
/* End PBXNativeTarget section */

/* Begin PBXProject section */
		E4BD6F171AA62A9E00B2356E /* Project object */ = {
			isa = PBXProject;
			attributes = {
				LastUpgradeCheck = 0610;
				ORGANIZATIONNAME = "Johannes Körner";
				TargetAttributes = {
					E45E9A721AB9B0D400F43F9D = {
						CreatedOnToolsVersion = 6.2;
						DevelopmentTeam = H3SQ7HSUW5;
					};
					E45E9A801AB9B0D400F43F9D = {
						CreatedOnToolsVersion = 6.2;
						DevelopmentTeam = H3SQ7HSUW5;
					};
					E4BD6F1E1AA62A9E00B2356E = {
						CreatedOnToolsVersion = 6.1.1;
						DevelopmentTeam = H3SQ7HSUW5;
						SystemCapabilities = {
							com.apple.BackgroundModes = {
								enabled = 1;
							};
							com.apple.iCloud = {
								enabled = 1;
							};
						};
					};
					E4BD6F3D1AA62A9E00B2356E = {
						CreatedOnToolsVersion = 6.1.1;
						TestTargetID = E4BD6F1E1AA62A9E00B2356E;
					};
				};
			};
			buildConfigurationList = E4BD6F1A1AA62A9E00B2356E /* Build configuration list for PBXProject "Notizen" */;
			compatibilityVersion = "Xcode 3.2";
			developmentRegion = English;
			hasScannedForEncodings = 0;
			knownRegions = (
				en,
				Base,
				de,
			);
			mainGroup = E4BD6F161AA62A9E00B2356E;
			productRefGroup = E4BD6F201AA62A9E00B2356E /* Products */;
			projectDirPath = "";
			projectRoot = "";
			targets = (
				E4BD6F1E1AA62A9E00B2356E /* Notizen */,
				E4BD6F3D1AA62A9E00B2356E /* NotizenTests */,
				E45E9A721AB9B0D400F43F9D /*  WatchKit Extension */,
				E45E9A801AB9B0D400F43F9D /*  WatchKit App */,
			);
		};
/* End PBXProject section */

/* Begin PBXResourcesBuildPhase section */
		E45E9A711AB9B0D400F43F9D /* Resources */ = {
			isa = PBXResourcesBuildPhase;
			buildActionMask = 2147483647;
			files = (
				E495F5491ABC62B8000FC17E /* Localizable.strings in Resources */,
				E45E9A821AB9B0D400F43F9D /*  WatchKit App.app in Resources */,
				E45E9A7E1AB9B0D400F43F9D /* Images.xcassets in Resources */,
			);
			runOnlyForDeploymentPostprocessing = 0;
		};
		E45E9A7F1AB9B0D400F43F9D /* Resources */ = {
			isa = PBXResourcesBuildPhase;
			buildActionMask = 2147483647;
			files = (
				E45E9A8A1AB9B0D400F43F9D /* Interface.storyboard in Resources */,
				E45E9A8C1AB9B0D400F43F9D /* Images.xcassets in Resources */,
			);
			runOnlyForDeploymentPostprocessing = 0;
		};
		E4BD6F1D1AA62A9E00B2356E /* Resources */ = {
			isa = PBXResourcesBuildPhase;
			buildActionMask = 2147483647;
			files = (
				E4BD6F341AA62A9E00B2356E /* Main.storyboard in Resources */,
				E491F7921AB84F2E0096092B /* InfoPlist.strings in Resources */,
				E4589C5A1AB72E33002064B6 /* Localizable.strings in Resources */,
				E4BD6F391AA62A9E00B2356E /* LaunchScreen.xib in Resources */,
				E4589C641AB7374F002064B6 /* Info.plist in Resources */,
				E4589C6C1AB73BC8002064B6 /* Settings.bundle in Resources */,
				E4BD6F361AA62A9E00B2356E /* Images.xcassets in Resources */,
			);
			runOnlyForDeploymentPostprocessing = 0;
		};
		E4BD6F3C1AA62A9E00B2356E /* Resources */ = {
			isa = PBXResourcesBuildPhase;
			buildActionMask = 2147483647;
			files = (
			);
			runOnlyForDeploymentPostprocessing = 0;
		};
/* End PBXResourcesBuildPhase section */

/* Begin PBXSourcesBuildPhase section */
		E45E9A6F1AB9B0D400F43F9D /* Sources */ = {
			isa = PBXSourcesBuildPhase;
			buildActionMask = 2147483647;
			files = (
				E45E9A991AB9BC1700F43F9D /* SaveLocation.m in Sources */,
				E45E9A791AB9B0D400F43F9D /* InterfaceController.m in Sources */,
				E45E9A7C1AB9B0D400F43F9D /* GlanceController.m in Sources */,
				E45E9A9C1AB9BC8900F43F9D /* ShowLocations.m in Sources */,
			);
			runOnlyForDeploymentPostprocessing = 0;
		};
		E4BD6F1B1AA62A9E00B2356E /* Sources */ = {
			isa = PBXSourcesBuildPhase;
			buildActionMask = 2147483647;
			files = (
				E4E047ED1AA7879300A93216 /* VideoCell.m in Sources */,
				E4BD6F5C1AA63CFE00B2356E /* NoteContent.m in Sources */,
				E4E047F61AA787B500A93216 /* LocationCell.m in Sources */,
				E46D8E251AC84A2700663FBF /* MasterCell.m in Sources */,
				E43B0DFB1AA9E3B10050EC8B /* RotationController.m in Sources */,
				E4E047EA1AA7878300A93216 /* ImageCell.m in Sources */,
				E4BD6F2E1AA62A9E00B2356E /* MasterViewController.m in Sources */,
				E4BD6F281AA62A9E00B2356E /* AppDelegate.m in Sources */,
				E4E047DE1AA747B800A93216 /* ContainerViewController.m in Sources */,
				E424DFE21AB0A287000636F2 /* ContentChoiceView.m in Sources */,
				E4E047F01AA7879E00A93216 /* TextCell.m in Sources */,
				E4BD6F251AA62A9E00B2356E /* main.m in Sources */,
				E460311D1AAF22ED00DA7203 /* ModalImageView.m in Sources */,
				E43B0E041AA9E6900050EC8B /* RotationSplitViewController.m in Sources */,
				E4BD6F531AA62E0C00B2356E /* StoreHandler.m in Sources */,
				E4BD6F561AA63CFD00B2356E /* NoteContainer.m in Sources */,
				E4BF73E71AB1D61300F8042C /* ModalMapView.m in Sources */,
				E4086E6F1AA8A0D70049A1F5 /* ModalTextView.m in Sources */,
				E46344841AC98C22007E6C47 /* InsertContainerController.m in Sources */,
				E4BD6F2B1AA62A9E00B2356E /* Notizen.xcdatamodeld in Sources */,
				E495F5461ABC5457000FC17E /* MoveViewController.m in Sources */,
				E4E047F31AA787A700A93216 /* AudioCell.m in Sources */,
				E4442D461AC9AD1E0072DC2D /* ScaleButton.m in Sources */,
				E4BD6F591AA63CFE00B2356E /* Note.m in Sources */,
				E495F5501ABC6A2B000FC17E /* BVReorderTableView.m in Sources */,
				E46D8E221AC7202B00663FBF /* SearchViewController.m in Sources */,
			);
			runOnlyForDeploymentPostprocessing = 0;
		};
		E4BD6F3A1AA62A9E00B2356E /* Sources */ = {
			isa = PBXSourcesBuildPhase;
			buildActionMask = 2147483647;
			files = (
				E4BD6F451AA62A9E00B2356E /* NotizenTests.m in Sources */,
			);
			runOnlyForDeploymentPostprocessing = 0;
		};
/* End PBXSourcesBuildPhase section */

/* Begin PBXTargetDependency section */
		E45E9A841AB9B0D400F43F9D /* PBXTargetDependency */ = {
			isa = PBXTargetDependency;
			target = E45E9A801AB9B0D400F43F9D /*  WatchKit App */;
			targetProxy = E45E9A831AB9B0D400F43F9D /* PBXContainerItemProxy */;
		};
		E45E9A8E1AB9B0D400F43F9D /* PBXTargetDependency */ = {
			isa = PBXTargetDependency;
			target = E45E9A721AB9B0D400F43F9D /*  WatchKit Extension */;
			targetProxy = E45E9A8D1AB9B0D400F43F9D /* PBXContainerItemProxy */;
		};
		E4BD6F401AA62A9E00B2356E /* PBXTargetDependency */ = {
			isa = PBXTargetDependency;
			target = E4BD6F1E1AA62A9E00B2356E /* Notizen */;
			targetProxy = E4BD6F3F1AA62A9E00B2356E /* PBXContainerItemProxy */;
		};
/* End PBXTargetDependency section */

/* Begin PBXVariantGroup section */
		E4589C5C1AB72E33002064B6 /* Localizable.strings */ = {
			isa = PBXVariantGroup;
			children = (
				E4589C5D1AB72E3B002064B6 /* en */,
				E4589C5E1AB72E3F002064B6 /* de */,
			);
			name = Localizable.strings;
			sourceTree = "<group>";
		};
		E4589C621AB72EFF002064B6 /* Info.plist */ = {
			isa = PBXVariantGroup;
			children = (
				E4589C611AB72EFF002064B6 /* en */,
			);
			name = Info.plist;
			sourceTree = "<group>";
		};
		E45E9A881AB9B0D400F43F9D /* Interface.storyboard */ = {
			isa = PBXVariantGroup;
			children = (
				E45E9A891AB9B0D400F43F9D /* Base */,
				E495F5481ABC612C000FC17E /* de */,
			);
			name = Interface.storyboard;
			sourceTree = "<group>";
		};
		E491F7941AB84F2E0096092B /* InfoPlist.strings */ = {
			isa = PBXVariantGroup;
			children = (
				E491F7931AB84F2E0096092B /* en */,
				E491F7951AB84F300096092B /* de */,
			);
			name = InfoPlist.strings;
			sourceTree = "<group>";
		};
		E4BD6F321AA62A9E00B2356E /* Main.storyboard */ = {
			isa = PBXVariantGroup;
			children = (
				E4589C601AB72E6C002064B6 /* en */,
				E495F54D1ABC699F000FC17E /* de */,
			);
			name = Main.storyboard;
			sourceTree = "<group>";
		};
		E4BD6F371AA62A9E00B2356E /* LaunchScreen.xib */ = {
			isa = PBXVariantGroup;
			children = (
				E4589C661AB7375E002064B6 /* en */,
			);
			name = LaunchScreen.xib;
			sourceTree = "<group>";
		};
/* End PBXVariantGroup section */

/* Begin XCBuildConfiguration section */
		E45E9A901AB9B0D400F43F9D /* Debug */ = {
			isa = XCBuildConfiguration;
			buildSettings = {
				CODE_SIGN_IDENTITY = "iPhone Developer";
				"CODE_SIGN_IDENTITY[sdk=iphoneos*]" = "iPhone Developer";
				GCC_PREPROCESSOR_DEFINITIONS = (
					"DEBUG=1",
					"$(inherited)",
				);
				INFOPLIST_FILE = " WatchKit Extension/Info.plist";
				IPHONEOS_DEPLOYMENT_TARGET = 8.2;
				LD_RUNPATH_SEARCH_PATHS = "$(inherited) @executable_path/Frameworks @executable_path/../../Frameworks";
				PRODUCT_NAME = "${TARGET_NAME}";
				SKIP_INSTALL = YES;
			};
			name = Debug;
		};
		E45E9A911AB9B0D400F43F9D /* Release */ = {
			isa = XCBuildConfiguration;
			buildSettings = {
				CODE_SIGN_IDENTITY = "iPhone Developer";
				"CODE_SIGN_IDENTITY[sdk=iphoneos*]" = "iPhone Developer";
				COPY_PHASE_STRIP = NO;
				INFOPLIST_FILE = " WatchKit Extension/Info.plist";
				IPHONEOS_DEPLOYMENT_TARGET = 8.2;
				LD_RUNPATH_SEARCH_PATHS = "$(inherited) @executable_path/Frameworks @executable_path/../../Frameworks";
				PRODUCT_NAME = "${TARGET_NAME}";
				SKIP_INSTALL = YES;
			};
			name = Release;
		};
		E45E9A921AB9B0D400F43F9D /* Debug */ = {
			isa = XCBuildConfiguration;
			buildSettings = {
				ASSETCATALOG_COMPILER_APPICON_NAME = AppIcon;
				CODE_SIGN_IDENTITY = "iPhone Developer";
				GCC_PREPROCESSOR_DEFINITIONS = (
					"DEBUG=1",
					"$(inherited)",
				);
				IBSC_MODULE = _WatchKit_Extension;
				INFOPLIST_FILE = " WatchKit App/Info.plist";
				IPHONEOS_DEPLOYMENT_TARGET = 8.2;
				PRODUCT_NAME = "$(TARGET_NAME)";
				SKIP_INSTALL = YES;
				TARGETED_DEVICE_FAMILY = 4;
				"TARGETED_DEVICE_FAMILY[sdk=iphonesimulator*]" = "1,4";
			};
			name = Debug;
		};
		E45E9A931AB9B0D400F43F9D /* Release */ = {
			isa = XCBuildConfiguration;
			buildSettings = {
				ASSETCATALOG_COMPILER_APPICON_NAME = AppIcon;
				CODE_SIGN_IDENTITY = "iPhone Developer";
				COPY_PHASE_STRIP = NO;
				IBSC_MODULE = _WatchKit_Extension;
				INFOPLIST_FILE = " WatchKit App/Info.plist";
				IPHONEOS_DEPLOYMENT_TARGET = 8.2;
				PRODUCT_NAME = "$(TARGET_NAME)";
				SKIP_INSTALL = YES;
				TARGETED_DEVICE_FAMILY = 4;
				"TARGETED_DEVICE_FAMILY[sdk=iphonesimulator*]" = "1,4";
			};
			name = Release;
		};
		E4BD6F461AA62A9E00B2356E /* Debug */ = {
			isa = XCBuildConfiguration;
			buildSettings = {
				ALWAYS_SEARCH_USER_PATHS = NO;
				CLANG_CXX_LANGUAGE_STANDARD = "gnu++0x";
				CLANG_CXX_LIBRARY = "libc++";
				CLANG_ENABLE_MODULES = YES;
				CLANG_ENABLE_OBJC_ARC = YES;
				CLANG_WARN_BOOL_CONVERSION = YES;
				CLANG_WARN_CONSTANT_CONVERSION = YES;
				CLANG_WARN_DIRECT_OBJC_ISA_USAGE = YES_ERROR;
				CLANG_WARN_EMPTY_BODY = YES;
				CLANG_WARN_ENUM_CONVERSION = YES;
				CLANG_WARN_INT_CONVERSION = YES;
				CLANG_WARN_OBJC_ROOT_CLASS = YES_ERROR;
				CLANG_WARN_UNREACHABLE_CODE = YES;
				CLANG_WARN__DUPLICATE_METHOD_MATCH = YES;
				"CODE_SIGN_IDENTITY[sdk=iphoneos*]" = "iPhone Developer";
				COPY_PHASE_STRIP = NO;
				ENABLE_STRICT_OBJC_MSGSEND = YES;
				GCC_C_LANGUAGE_STANDARD = gnu99;
				GCC_DYNAMIC_NO_PIC = NO;
				GCC_OPTIMIZATION_LEVEL = 0;
				GCC_PREPROCESSOR_DEFINITIONS = (
					"DEBUG=1",
					"$(inherited)",
				);
				GCC_SYMBOLS_PRIVATE_EXTERN = NO;
				GCC_WARN_64_TO_32_BIT_CONVERSION = YES;
				GCC_WARN_ABOUT_RETURN_TYPE = YES_ERROR;
				GCC_WARN_UNDECLARED_SELECTOR = YES;
				GCC_WARN_UNINITIALIZED_AUTOS = YES_AGGRESSIVE;
				GCC_WARN_UNUSED_FUNCTION = YES;
				GCC_WARN_UNUSED_VARIABLE = YES;
				IPHONEOS_DEPLOYMENT_TARGET = 8.1;
				MTL_ENABLE_DEBUG_INFO = YES;
				ONLY_ACTIVE_ARCH = YES;
				SDKROOT = iphoneos;
				TARGETED_DEVICE_FAMILY = "1,2";
			};
			name = Debug;
		};
		E4BD6F471AA62A9E00B2356E /* Release */ = {
			isa = XCBuildConfiguration;
			buildSettings = {
				ALWAYS_SEARCH_USER_PATHS = NO;
				CLANG_CXX_LANGUAGE_STANDARD = "gnu++0x";
				CLANG_CXX_LIBRARY = "libc++";
				CLANG_ENABLE_MODULES = YES;
				CLANG_ENABLE_OBJC_ARC = YES;
				CLANG_WARN_BOOL_CONVERSION = YES;
				CLANG_WARN_CONSTANT_CONVERSION = YES;
				CLANG_WARN_DIRECT_OBJC_ISA_USAGE = YES_ERROR;
				CLANG_WARN_EMPTY_BODY = YES;
				CLANG_WARN_ENUM_CONVERSION = YES;
				CLANG_WARN_INT_CONVERSION = YES;
				CLANG_WARN_OBJC_ROOT_CLASS = YES_ERROR;
				CLANG_WARN_UNREACHABLE_CODE = YES;
				CLANG_WARN__DUPLICATE_METHOD_MATCH = YES;
				"CODE_SIGN_IDENTITY[sdk=iphoneos*]" = "iPhone Developer";
				COPY_PHASE_STRIP = YES;
				ENABLE_NS_ASSERTIONS = NO;
				ENABLE_STRICT_OBJC_MSGSEND = YES;
				GCC_C_LANGUAGE_STANDARD = gnu99;
				GCC_WARN_64_TO_32_BIT_CONVERSION = YES;
				GCC_WARN_ABOUT_RETURN_TYPE = YES_ERROR;
				GCC_WARN_UNDECLARED_SELECTOR = YES;
				GCC_WARN_UNINITIALIZED_AUTOS = YES_AGGRESSIVE;
				GCC_WARN_UNUSED_FUNCTION = YES;
				GCC_WARN_UNUSED_VARIABLE = YES;
				IPHONEOS_DEPLOYMENT_TARGET = 8.1;
				MTL_ENABLE_DEBUG_INFO = NO;
				SDKROOT = iphoneos;
				TARGETED_DEVICE_FAMILY = "1,2";
				VALIDATE_PRODUCT = YES;
			};
			name = Release;
		};
		E4BD6F491AA62A9E00B2356E /* Debug */ = {
			isa = XCBuildConfiguration;
			buildSettings = {
				ASSETCATALOG_COMPILER_APPICON_NAME = AppIcon;
				CODE_SIGN_ENTITLEMENTS = Notizen/Notizen.entitlements;
				CODE_SIGN_IDENTITY = "iPhone Developer";
				"CODE_SIGN_IDENTITY[sdk=iphoneos*]" = "iPhone Developer";
				INFOPLIST_FILE = "$(SRCROOT)/NotizenTests/Info.plist";
				LD_RUNPATH_SEARCH_PATHS = "$(inherited) @executable_path/Frameworks";
				PRODUCT_NAME = "$(TARGET_NAME)";
				PROVISIONING_PROFILE = "";
				TARGETED_DEVICE_FAMILY = "1,2";
			};
			name = Debug;
		};
		E4BD6F4A1AA62A9E00B2356E /* Release */ = {
			isa = XCBuildConfiguration;
			buildSettings = {
				ASSETCATALOG_COMPILER_APPICON_NAME = AppIcon;
				CODE_SIGN_ENTITLEMENTS = Notizen/Notizen.entitlements;
				CODE_SIGN_IDENTITY = "iPhone Developer";
				"CODE_SIGN_IDENTITY[sdk=iphoneos*]" = "iPhone Developer";
				INFOPLIST_FILE = "$(SRCROOT)/NotizenTests/Info.plist";
				LD_RUNPATH_SEARCH_PATHS = "$(inherited) @executable_path/Frameworks";
				PRODUCT_NAME = "$(TARGET_NAME)";
				PROVISIONING_PROFILE = "";
				TARGETED_DEVICE_FAMILY = "1,2";
			};
			name = Release;
		};
		E4BD6F4C1AA62A9E00B2356E /* Debug */ = {
			isa = XCBuildConfiguration;
			buildSettings = {
				BUNDLE_LOADER = "$(TEST_HOST)";
				FRAMEWORK_SEARCH_PATHS = (
					"$(SDKROOT)/Developer/Library/Frameworks",
					"$(inherited)",
				);
				GCC_PREPROCESSOR_DEFINITIONS = (
					"DEBUG=1",
					"$(inherited)",
				);
				INFOPLIST_FILE = NotizenTests/Info.plist;
				LD_RUNPATH_SEARCH_PATHS = "$(inherited) @executable_path/Frameworks @loader_path/Frameworks";
				PRODUCT_NAME = "$(TARGET_NAME)";
				TEST_HOST = "$(BUILT_PRODUCTS_DIR)/Notizen.app/Notizen";
			};
			name = Debug;
		};
		E4BD6F4D1AA62A9E00B2356E /* Release */ = {
			isa = XCBuildConfiguration;
			buildSettings = {
				BUNDLE_LOADER = "$(TEST_HOST)";
				FRAMEWORK_SEARCH_PATHS = (
					"$(SDKROOT)/Developer/Library/Frameworks",
					"$(inherited)",
				);
				INFOPLIST_FILE = NotizenTests/Info.plist;
				LD_RUNPATH_SEARCH_PATHS = "$(inherited) @executable_path/Frameworks @loader_path/Frameworks";
				PRODUCT_NAME = "$(TARGET_NAME)";
				TEST_HOST = "$(BUILT_PRODUCTS_DIR)/Notizen.app/Notizen";
			};
			name = Release;
		};
/* End XCBuildConfiguration section */

/* Begin XCConfigurationList section */
		E45E9A941AB9B0D400F43F9D /* Build configuration list for PBXNativeTarget " WatchKit App" */ = {
			isa = XCConfigurationList;
			buildConfigurations = (
				E45E9A921AB9B0D400F43F9D /* Debug */,
				E45E9A931AB9B0D400F43F9D /* Release */,
			);
			defaultConfigurationIsVisible = 0;
			defaultConfigurationName = Release;
		};
		E45E9A951AB9B0D400F43F9D /* Build configuration list for PBXNativeTarget " WatchKit Extension" */ = {
			isa = XCConfigurationList;
			buildConfigurations = (
				E45E9A901AB9B0D400F43F9D /* Debug */,
				E45E9A911AB9B0D400F43F9D /* Release */,
			);
			defaultConfigurationIsVisible = 0;
			defaultConfigurationName = Release;
		};
		E4BD6F1A1AA62A9E00B2356E /* Build configuration list for PBXProject "Notizen" */ = {
			isa = XCConfigurationList;
			buildConfigurations = (
				E4BD6F461AA62A9E00B2356E /* Debug */,
				E4BD6F471AA62A9E00B2356E /* Release */,
			);
			defaultConfigurationIsVisible = 0;
			defaultConfigurationName = Release;
		};
		E4BD6F481AA62A9E00B2356E /* Build configuration list for PBXNativeTarget "Notizen" */ = {
			isa = XCConfigurationList;
			buildConfigurations = (
				E4BD6F491AA62A9E00B2356E /* Debug */,
				E4BD6F4A1AA62A9E00B2356E /* Release */,
			);
			defaultConfigurationIsVisible = 0;
			defaultConfigurationName = Release;
		};
		E4BD6F4B1AA62A9E00B2356E /* Build configuration list for PBXNativeTarget "NotizenTests" */ = {
			isa = XCConfigurationList;
			buildConfigurations = (
				E4BD6F4C1AA62A9E00B2356E /* Debug */,
				E4BD6F4D1AA62A9E00B2356E /* Release */,
			);
			defaultConfigurationIsVisible = 0;
			defaultConfigurationName = Release;
		};
/* End XCConfigurationList section */

/* Begin XCVersionGroup section */
		E4BD6F291AA62A9E00B2356E /* Notizen.xcdatamodeld */ = {
			isa = XCVersionGroup;
			children = (
				E4BD6F2A1AA62A9E00B2356E /* Notizen.xcdatamodel */,
			);
			currentVersion = E4BD6F2A1AA62A9E00B2356E /* Notizen.xcdatamodel */;
			path = Notizen.xcdatamodeld;
			sourceTree = "<group>";
			versionGroupType = wrapper.xcdatamodel;
		};
/* End XCVersionGroup section */
	};
	rootObject = E4BD6F171AA62A9E00B2356E /* Project object */;
}
